
Microsoft Visual Studio Solution File, Format Version 12.00
# Visual Studio Version 17
VisualStudioVersion = 17.8.34601.278
MinimumVisualStudioVersion = 10.0.40219.1
Project("{8BC9CEB8-8B4A-11D0-8D11-00A0C91BC942}") = "AchievementTest", "AchievementTest\AchievementTest.vcxproj", "{9EAB1B2B-D012-4BB7-AC3C-5C73CDA8C4D7}"
EndProject
Global
	GlobalSection(SolutionConfigurationPlatforms) = preSolution
		Debug|x64 = Debug|x64
		Debug|x86 = Debug|x86
		Release|x64 = Release|x64
		Release|x86 = Release|x86
	EndGlobalSection
	GlobalSection(ProjectConfigurationPlatforms) = postSolution
		{9EAB1B2B-D012-4BB7-AC3C-5C73CDA8C4D7}.Debug|x64.ActiveCfg = Debug|x64
		{9EAB1B2B-D012-4BB7-AC3C-5C73CDA8C4D7}.Debug|x64.Build.0 = Debug|x64
		{9EAB1B2B-D012-4BB7-AC3C-5C73CDA8C4D7}.Debug|x86.ActiveCfg = Debug|Win32
		{9EAB1B2B-D012-4BB7-AC3C-5C73CDA8C4D7}.Debug|x86.Build.0 = Debug|Win32
		{9EAB1B2B-D012-4BB7-AC3C-5C73CDA8C4D7}.Release|x64.ActiveCfg = Release|x64
		{9EAB1B2B-D012-4BB7-AC3C-5C73CDA8C4D7}.Release|x64.Build.0 = Release|x64
		{9EAB1B2B-D012-4BB7-AC3C-5C73CDA8C4D7}.Release|x86.ActiveCfg = Release|Win32
		{9EAB1B2B-D012-4BB7-AC3C-5C73CDA8C4D7}.Release|x86.Build.0 = Release|Win32
	EndGlobalSection
	GlobalSection(SolutionProperties) = preSolution
		HideSolutionNode = FALSE
	EndGlobalSection
	GlobalSection(ExtensibilityGlobals) = postSolution
		SolutionGuid = {8D6A7A26-9A6F-4F0E-9769-932D63214A09}
	EndGlobalSection
EndGlobal
